<?xml version="1.0" encoding="utf-8"?>
<Project ToolsVersion="4.0" xmlns="http://schemas.microsoft.com/developer/msbuild/2003">
  <ItemGroup>
    <Filter Include="Source Files">
      <UniqueIdentifier>{4FC737F1-C7A5-4376-A066-2A32D752A2FF}</UniqueIdentifier>
      <Extensions>cpp;c;cc;cxx;def;odl;idl;hpj;bat;asm;asmx</Extensions>
    </Filter>
    <Filter Include="Header Files">
      <UniqueIdentifier>{93995380-89BD-4b04-88EB-625FBE52EBFB}</UniqueIdentifier>
      <Extensions>h;hh;hpp;hxx;hm;inl;inc;xsd</Extensions>
    </Filter>
    <Filter Include="Resource Files">
      <UniqueIdentifier>{67DA6AB6-F800-4c08-8B7A-83BB121AAD01}</UniqueIdentifier>
      <Extensions>rc;ico;cur;bmp;dlg;rc2;rct;bin;rgs;gif;jpg;jpeg;jpe;resx;tiff;tif;png;wav;mfcribbon-ms</Extensions>
    </Filter>
  </ItemGroup>
  <ItemGroup>
    <Text Include="ReadMe.txt" />
  </ItemGroup>
  <ItemGroup>
    <None Include="bison.hairy" />
    <None Include="bison.simple" />
    <None Include="flex.skl" />
    <None Include="gmfrontend.bat">
      <Filter>Source Files</Filter>
    </None>
    <None Include="gmParser.y" />
    <None Include="gmScanner.l" />
  </ItemGroup>
  <ItemGroup>
    <ClCompile Include="gmArraySimple.cpp">
      <Filter>Source Files</Filter>
    </ClCompile>
    <ClCompile Include="gmByteCode.cpp">
      <Filter>Source Files</Filter>
    </ClCompile>
    <ClCompile Include="gmByteCodeGen.cpp">
      <Filter>Source Files</Filter>
    </ClCompile>
    <ClCompile Include="gmCodeGen.cpp">
      <Filter>Source Files</Filter>
    </ClCompile>
    <ClCompile Include="gmCodeGenHooks.cpp">
      <Filter>Source Files</Filter>
    </ClCompile>
    <ClCompile Include="gmCodeTree.cpp">
      <Filter>Source Files</Filter>
    </ClCompile>
    <ClCompile Include="gmCrc.cpp">
      <Filter>Source Files</Filter>
    </ClCompile>
    <ClCompile Include="gmDebug.cpp">
      <Filter>Source Files</Filter>
    </ClCompile>
    <ClCompile Include="gmFunctionObject.cpp">
      <Filter>Source Files</Filter>
    </ClCompile>
    <ClCompile Include="gmHash.cpp">
      <Filter>Source Files</Filter>
    </ClCompile>
    <ClCompile Include="gmIncGC.cpp">
      <Filter>Source Files</Filter>
    </ClCompile>
    <ClCompile Include="gmLibHooks.cpp">
      <Filter>Source Files</Filter>
    </ClCompile>
    <ClCompile Include="gmListDouble.cpp">
      <Filter>Source Files</Filter>
    </ClCompile>
    <ClCompile Include="gmLog.cpp">
      <Filter>Source Files</Filter>
    </ClCompile>
    <ClCompile Include="gmMachine.cpp">
      <Filter>Source Files</Filter>
    </ClCompile>
    <ClCompile Include="gmMachineLib.cpp">
      <Filter>Source Files</Filter>
    </ClCompile>
    <ClCompile Include="gmMem.cpp">
      <Filter>Source Files</Filter>
    </ClCompile>
    <ClCompile Include="gmMemChain.cpp">
      <Filter>Source Files</Filter>
    </ClCompile>
    <ClCompile Include="gmMemFixed.cpp">
      <Filter>Source Files</Filter>
    </ClCompile>
    <ClCompile Include="gmMemFixedSet.cpp">
      <Filter>Source Files</Filter>
    </ClCompile>
    <ClCompile Include="gmOperators.cpp">
      <Filter>Source Files</Filter>
    </ClCompile>
    <ClCompile Include="gmStream.cpp">
      <Filter>Source Files</Filter>
    </ClCompile>
    <ClCompile Include="gmStreamBuffer.cpp">
      <Filter>Source Files</Filter>
    </ClCompile>
    <ClCompile Include="gmStringObject.cpp">
      <Filter>Source Files</Filter>
    </ClCompile>
    <ClCompile Include="gmTableObject.cpp">
      <Filter>Source Files</Filter>
    </ClCompile>
    <ClCompile Include="gmThread.cpp">
      <Filter>Source Files</Filter>
    </ClCompile>
    <ClCompile Include="gmUserObject.cpp">
      <Filter>Source Files</Filter>
    </ClCompile>
    <ClCompile Include="gmUtil.cpp">
      <Filter>Source Files</Filter>
    </ClCompile>
    <ClCompile Include="gmVariable.cpp">
      <Filter>Source Files</Filter>
    </ClCompile>
  </ItemGroup>
  <ItemGroup>
    <ClInclude Include="gmArraySimple.h">
      <Filter>Header Files</Filter>
    </ClInclude>
    <ClInclude Include="gmByteCode.h">
      <Filter>Header Files</Filter>
    </ClInclude>
    <ClInclude Include="gmByteCodeGen.h">
      <Filter>Header Files</Filter>
    </ClInclude>
    <ClInclude Include="gmCodeGen.h">
      <Filter>Header Files</Filter>
    </ClInclude>
    <ClInclude Include="gmCodeGenHooks.h">
      <Filter>Header Files</Filter>
    </ClInclude>
    <ClInclude Include="gmCodeTree.h">
      <Filter>Header Files</Filter>
    </ClInclude>
    <ClInclude Include="gmConfig.h">
      <Filter>Header Files</Filter>
    </ClInclude>
    <ClInclude Include="gmCrc.h">
      <Filter>Header Files</Filter>
    </ClInclude>
    <ClInclude Include="gmDebug.h">
      <Filter>Header Files</Filter>
    </ClInclude>
    <ClInclude Include="gmFunctionObject.h">
      <Filter>Header Files</Filter>
    </ClInclude>
    <ClInclude Include="gmHash.h">
      <Filter>Header Files</Filter>
    </ClInclude>
    <ClInclude Include="gmIncGC.h">
      <Filter>Header Files</Filter>
    </ClInclude>
    <ClInclude Include="gmIterator.h">
      <Filter>Header Files</Filter>
    </ClInclude>
    <ClInclude Include="gmLibHooks.h">
      <Filter>Header Files</Filter>
    </ClInclude>
    <ClInclude Include="gmListDouble.h">
      <Filter>Header Files</Filter>
    </ClInclude>
    <ClInclude Include="gmLog.h">
      <Filter>Header Files</Filter>
    </ClInclude>
    <ClInclude Include="gmMachine.h">
      <Filter>Header Files</Filter>
    </ClInclude>
    <ClInclude Include="gmMachineLib.h">
      <Filter>Header Files</Filter>
    </ClInclude>
    <ClInclude Include="gmMem.h">
      <Filter>Header Files</Filter>
    </ClInclude>
    <ClInclude Include="gmMemChain.h">
      <Filter>Header Files</Filter>
    </ClInclude>
    <ClInclude Include="gmMemFixed.h">
      <Filter>Header Files</Filter>
    </ClInclude>
    <ClInclude Include="gmMemFixedSet.h">
      <Filter>Header Files</Filter>
    </ClInclude>
    <ClInclude Include="gmOperators.h">
      <Filter>Header Files</Filter>
    </ClInclude>
    <ClInclude Include="gmScanner.h">
      <Filter>Header Files</Filter>
    </ClInclude>
    <ClInclude Include="gmStream.h">
      <Filter>Header Files</Filter>
    </ClInclude>
    <ClInclude Include="gmStreamBuffer.h">
      <Filter>Header Files</Filter>
    </ClInclude>
    <ClInclude Include="gmStringObject.h">
      <Filter>Header Files</Filter>
    </ClInclude>
    <ClInclude Include="gmTableObject.h">
      <Filter>Header Files</Filter>
    </ClInclude>
    <ClInclude Include="gmThread.h">
      <Filter>Header Files</Filter>
    </ClInclude>
    <ClInclude Include="gmUserObject.h">
      <Filter>Header Files</Filter>
    </ClInclude>
    <ClInclude Include="gmUtil.h">
      <Filter>Header Files</Filter>
    </ClInclude>
    <ClInclude Include="gmVariable.h">
      <Filter>Header Files</Filter>
    </ClInclude>
    <ClInclude Include="gmConfig_p.h">
      <Filter>Header Files</Filter>
    </ClInclude>
  </ItemGroup>
</Project>